// !$*UTF8*$!
{
	archiveVersion = 1;
	classes = {
	};
	objectVersion = 46;
	objects = {

/* Begin PBXBuildFile section */
		6BF71EA81DEEB2BF00AC27A4 /* AppDelegate.swift in Sources */ = {isa = PBXBuildFile; fileRef = 6BF71EA71DEEB2BF00AC27A4 /* AppDelegate.swift */; };
		6BF71EAD1DEEB2BF00AC27A4 /* Main.storyboard in Resources */ = {isa = PBXBuildFile; fileRef = 6BF71EAB1DEEB2BF00AC27A4 /* Main.storyboard */; };
		6BF71EB01DEEB2BF00AC27A4 /* MimicOfGameCrazyApp.xcdatamodeld in Sources */ = {isa = PBXBuildFile; fileRef = 6BF71EAE1DEEB2BF00AC27A4 /* MimicOfGameCrazyApp.xcdatamodeld */; };
		6BF71EB21DEEB2BF00AC27A4 /* Assets.xcassets in Resources */ = {isa = PBXBuildFile; fileRef = 6BF71EB11DEEB2BF00AC27A4 /* Assets.xcassets */; };
		6BF71EB51DEEB2BF00AC27A4 /* LaunchScreen.storyboard in Resources */ = {isa = PBXBuildFile; fileRef = 6BF71EB31DEEB2BF00AC27A4 /* LaunchScreen.storyboard */; };
		6BF71EBD1DEEB45B00AC27A4 /* TabBarController.swift in Sources */ = {isa = PBXBuildFile; fileRef = 6BF71EBC1DEEB45B00AC27A4 /* TabBarController.swift */; };
		6BF71EC91DEEB64500AC27A4 /* GameCrazyTableViewController.swift in Sources */ = {isa = PBXBuildFile; fileRef = 6BF71EC81DEEB64500AC27A4 /* GameCrazyTableViewController.swift */; };
		6BF71ECB1DEEB65100AC27A4 /* LiveTableViewController.swift in Sources */ = {isa = PBXBuildFile; fileRef = 6BF71ECA1DEEB65100AC27A4 /* LiveTableViewController.swift */; };
		6BF71ECD1DEEB65A00AC27A4 /* GameProducerTableViewController.swift in Sources */ = {isa = PBXBuildFile; fileRef = 6BF71ECC1DEEB65A00AC27A4 /* GameProducerTableViewController.swift */; };
		6BF71ECF1DEEB66A00AC27A4 /* VRGameTableViewController.swift in Sources */ = {isa = PBXBuildFile; fileRef = 6BF71ECE1DEEB66A00AC27A4 /* VRGameTableViewController.swift */; };
		6BF71ED11DEEB67200AC27A4 /* SettingTableViewController.swift in Sources */ = {isa = PBXBuildFile; fileRef = 6BF71ED01DEEB67200AC27A4 /* SettingTableViewController.swift */; };
		6BF71ED31DEEBA7400AC27A4 /* YoutubeManager.swift in Sources */ = {isa = PBXBuildFile; fileRef = 6BF71ED21DEEBA7400AC27A4 /* YoutubeManager.swift */; };
		6BF71ED51DEEC6F300AC27A4 /* Objects.swift in Sources */ = {isa = PBXBuildFile; fileRef = 6BF71ED41DEEC6F300AC27A4 /* Objects.swift */; };
		6BF71ED71DEECB2300AC27A4 /* GameCrazyTableViewCell.swift in Sources */ = {isa = PBXBuildFile; fileRef = 6BF71ED61DEECB2300AC27A4 /* GameCrazyTableViewCell.swift */; };
		6BF71ED91DEEDCA700AC27A4 /* LiveTableViewCell.swift in Sources */ = {isa = PBXBuildFile; fileRef = 6BF71ED81DEEDCA700AC27A4 /* LiveTableViewCell.swift */; };
		6BF71EDB1DEEDF2200AC27A4 /* GameProducerTableViewCell.swift in Sources */ = {isa = PBXBuildFile; fileRef = 6BF71EDA1DEEDF2200AC27A4 /* GameProducerTableViewCell.swift */; };
		6BF71EDD1DEEE08D00AC27A4 /* VRGameTableViewCell.swift in Sources */ = {isa = PBXBuildFile; fileRef = 6BF71EDC1DEEE08D00AC27A4 /* VRGameTableViewCell.swift */; };
		6BF71EE01DEEE5B000AC27A4 /* CrazyViewController.swift in Sources */ = {isa = PBXBuildFile; fileRef = 6BF71EDF1DEEE5B000AC27A4 /* CrazyViewController.swift */; };
		6BF71EE21DEEE5D400AC27A4 /* LiveViewController.swift in Sources */ = {isa = PBXBuildFile; fileRef = 6BF71EE11DEEE5D400AC27A4 /* LiveViewController.swift */; };
		6BF71EE41DEEE5E100AC27A4 /* ProducerViewController.swift in Sources */ = {isa = PBXBuildFile; fileRef = 6BF71EE31DEEE5E100AC27A4 /* ProducerViewController.swift */; };
		6BF71EE61DEEE5EB00AC27A4 /* VRViewController.swift in Sources */ = {isa = PBXBuildFile; fileRef = 6BF71EE51DEEE5EB00AC27A4 /* VRViewController.swift */; };
		A3A942FEF6A2C159CF98D650 /* Pods_MimicOfGameCrazyApp.framework in Frameworks */ = {isa = PBXBuildFile; fileRef = 645D79A00974F194FA4EE70D /* Pods_MimicOfGameCrazyApp.framework */; };
/* End PBXBuildFile section */

/* Begin PBXFileReference section */
		2A45A3C1CE79470D3F51F4EE /* Pods-MimicOfGameCrazyApp.release.xcconfig */ = {isa = PBXFileReference; includeInIndex = 1; lastKnownFileType = text.xcconfig; name = "Pods-MimicOfGameCrazyApp.release.xcconfig"; path = "Pods/Target Support Files/Pods-MimicOfGameCrazyApp/Pods-MimicOfGameCrazyApp.release.xcconfig"; sourceTree = "<group>"; };
		645D79A00974F194FA4EE70D /* Pods_MimicOfGameCrazyApp.framework */ = {isa = PBXFileReference; explicitFileType = wrapper.framework; includeInIndex = 0; path = Pods_MimicOfGameCrazyApp.framework; sourceTree = BUILT_PRODUCTS_DIR; };
		6BF71EA41DEEB2BF00AC27A4 /* MimicOfGameCrazyApp.app */ = {isa = PBXFileReference; explicitFileType = wrapper.application; includeInIndex = 0; path = MimicOfGameCrazyApp.app; sourceTree = BUILT_PRODUCTS_DIR; };
		6BF71EA71DEEB2BF00AC27A4 /* AppDelegate.swift */ = {isa = PBXFileReference; lastKnownFileType = sourcecode.swift; path = AppDelegate.swift; sourceTree = "<group>"; };
		6BF71EAC1DEEB2BF00AC27A4 /* Base */ = {isa = PBXFileReference; lastKnownFileType = file.storyboard; name = Base; path = Base.lproj/Main.storyboard; sourceTree = "<group>"; };
		6BF71EAF1DEEB2BF00AC27A4 /* MimicOfGameCrazyApp.xcdatamodel */ = {isa = PBXFileReference; lastKnownFileType = wrapper.xcdatamodel; path = MimicOfGameCrazyApp.xcdatamodel; sourceTree = "<group>"; };
		6BF71EB11DEEB2BF00AC27A4 /* Assets.xcassets */ = {isa = PBXFileReference; lastKnownFileType = folder.assetcatalog; path = Assets.xcassets; sourceTree = "<group>"; };
		6BF71EB41DEEB2BF00AC27A4 /* Base */ = {isa = PBXFileReference; lastKnownFileType = file.storyboard; name = Base; path = Base.lproj/LaunchScreen.storyboard; sourceTree = "<group>"; };
		6BF71EB61DEEB2BF00AC27A4 /* Info.plist */ = {isa = PBXFileReference; lastKnownFileType = text.plist.xml; path = Info.plist; sourceTree = "<group>"; };
		6BF71EBC1DEEB45B00AC27A4 /* TabBarController.swift */ = {isa = PBXFileReference; fileEncoding = 4; lastKnownFileType = sourcecode.swift; path = TabBarController.swift; sourceTree = "<group>"; };
		6BF71EC81DEEB64500AC27A4 /* GameCrazyTableViewController.swift */ = {isa = PBXFileReference; fileEncoding = 4; lastKnownFileType = sourcecode.swift; path = GameCrazyTableViewController.swift; sourceTree = "<group>"; };
		6BF71ECA1DEEB65100AC27A4 /* LiveTableViewController.swift */ = {isa = PBXFileReference; fileEncoding = 4; lastKnownFileType = sourcecode.swift; path = LiveTableViewController.swift; sourceTree = "<group>"; };
		6BF71ECC1DEEB65A00AC27A4 /* GameProducerTableViewController.swift */ = {isa = PBXFileReference; fileEncoding = 4; lastKnownFileType = sourcecode.swift; path = GameProducerTableViewController.swift; sourceTree = "<group>"; };
		6BF71ECE1DEEB66A00AC27A4 /* VRGameTableViewController.swift */ = {isa = PBXFileReference; fileEncoding = 4; lastKnownFileType = sourcecode.swift; path = VRGameTableViewController.swift; sourceTree = "<group>"; };
		6BF71ED01DEEB67200AC27A4 /* SettingTableViewController.swift */ = {isa = PBXFileReference; fileEncoding = 4; lastKnownFileType = sourcecode.swift; path = SettingTableViewController.swift; sourceTree = "<group>"; };
		6BF71ED21DEEBA7400AC27A4 /* YoutubeManager.swift */ = {isa = PBXFileReference; fileEncoding = 4; lastKnownFileType = sourcecode.swift; path = YoutubeManager.swift; sourceTree = "<group>"; };
		6BF71ED41DEEC6F300AC27A4 /* Objects.swift */ = {isa = PBXFileReference; fileEncoding = 4; lastKnownFileType = sourcecode.swift; path = Objects.swift; sourceTree = "<group>"; };
		6BF71ED61DEECB2300AC27A4 /* GameCrazyTableViewCell.swift */ = {isa = PBXFileReference; fileEncoding = 4; lastKnownFileType = sourcecode.swift; path = GameCrazyTableViewCell.swift; sourceTree = "<group>"; };
		6BF71ED81DEEDCA700AC27A4 /* LiveTableViewCell.swift */ = {isa = PBXFileReference; fileEncoding = 4; lastKnownFileType = sourcecode.swift; path = LiveTableViewCell.swift; sourceTree = "<group>"; };
		6BF71EDA1DEEDF2200AC27A4 /* GameProducerTableViewCell.swift */ = {isa = PBXFileReference; fileEncoding = 4; lastKnownFileType = sourcecode.swift; path = GameProducerTableViewCell.swift; sourceTree = "<group>"; };
		6BF71EDC1DEEE08D00AC27A4 /* VRGameTableViewCell.swift */ = {isa = PBXFileReference; fileEncoding = 4; lastKnownFileType = sourcecode.swift; path = VRGameTableViewCell.swift; sourceTree = "<group>"; };
		6BF71EDF1DEEE5B000AC27A4 /* CrazyViewController.swift */ = {isa = PBXFileReference; fileEncoding = 4; lastKnownFileType = sourcecode.swift; path = CrazyViewController.swift; sourceTree = "<group>"; };
		6BF71EE11DEEE5D400AC27A4 /* LiveViewController.swift */ = {isa = PBXFileReference; fileEncoding = 4; lastKnownFileType = sourcecode.swift; path = LiveViewController.swift; sourceTree = "<group>"; };
		6BF71EE31DEEE5E100AC27A4 /* ProducerViewController.swift */ = {isa = PBXFileReference; fileEncoding = 4; lastKnownFileType = sourcecode.swift; path = ProducerViewController.swift; sourceTree = "<group>"; };
		6BF71EE51DEEE5EB00AC27A4 /* VRViewController.swift */ = {isa = PBXFileReference; fileEncoding = 4; lastKnownFileType = sourcecode.swift; path = VRViewController.swift; sourceTree = "<group>"; };
		FF8BAB4684F874AF9547846E /* Pods-MimicOfGameCrazyApp.debug.xcconfig */ = {isa = PBXFileReference; includeInIndex = 1; lastKnownFileType = text.xcconfig; name = "Pods-MimicOfGameCrazyApp.debug.xcconfig"; path = "Pods/Target Support Files/Pods-MimicOfGameCrazyApp/Pods-MimicOfGameCrazyApp.debug.xcconfig"; sourceTree = "<group>"; };
/* End PBXFileReference section */

/* Begin PBXFrameworksBuildPhase section */
		6BF71EA11DEEB2BF00AC27A4 /* Frameworks */ = {
			isa = PBXFrameworksBuildPhase;
			buildActionMask = 2147483647;
			files = (
				A3A942FEF6A2C159CF98D650 /* Pods_MimicOfGameCrazyApp.framework in Frameworks */,
			);
			runOnlyForDeploymentPostprocessing = 0;
		};
/* End PBXFrameworksBuildPhase section */

/* Begin PBXGroup section */
		27AC0DDF35F95AF1BEDBD1F7 /* Frameworks */ = {
			isa = PBXGroup;
			children = (
				645D79A00974F194FA4EE70D /* Pods_MimicOfGameCrazyApp.framework */,
			);
			name = Frameworks;
			sourceTree = "<group>";
		};
		3207884E934B6A1AEB4AABA0 /* Pods */ = {
			isa = PBXGroup;
			children = (
				FF8BAB4684F874AF9547846E /* Pods-MimicOfGameCrazyApp.debug.xcconfig */,
				2A45A3C1CE79470D3F51F4EE /* Pods-MimicOfGameCrazyApp.release.xcconfig */,
			);
			name = Pods;
			sourceTree = "<group>";
		};
		6BF71E9B1DEEB2BF00AC27A4 = {
			isa = PBXGroup;
			children = (
				6BF71EA61DEEB2BF00AC27A4 /* MimicOfGameCrazyApp */,
				6BF71EA51DEEB2BF00AC27A4 /* Products */,
				3207884E934B6A1AEB4AABA0 /* Pods */,
				27AC0DDF35F95AF1BEDBD1F7 /* Frameworks */,
			);
			sourceTree = "<group>";
		};
		6BF71EA51DEEB2BF00AC27A4 /* Products */ = {
			isa = PBXGroup;
			children = (
				6BF71EA41DEEB2BF00AC27A4 /* MimicOfGameCrazyApp.app */,
			);
			name = Products;
			sourceTree = "<group>";
		};
		6BF71EA61DEEB2BF00AC27A4 /* MimicOfGameCrazyApp */ = {
			isa = PBXGroup;
			children = (
				6BF71EA71DEEB2BF00AC27A4 /* AppDelegate.swift */,
				6BF71EAB1DEEB2BF00AC27A4 /* Main.storyboard */,
				6BF71ED21DEEBA7400AC27A4 /* YoutubeManager.swift */,
				6BF71EC81DEEB64500AC27A4 /* GameCrazyTableViewController.swift */,
				6BF71ECA1DEEB65100AC27A4 /* LiveTableViewController.swift */,
				6BF71ECC1DEEB65A00AC27A4 /* GameProducerTableViewController.swift */,
				6BF71ECE1DEEB66A00AC27A4 /* VRGameTableViewController.swift */,
				6BF71ED01DEEB67200AC27A4 /* SettingTableViewController.swift */,
				6BF71EBC1DEEB45B00AC27A4 /* TabBarController.swift */,
				6BF71ED41DEEC6F300AC27A4 /* Objects.swift */,
				6BF71EDE1DEEE2A500AC27A4 /* TableViewCell */,
				6BF71EE71DEEE5F300AC27A4 /* WebView */,
				6BF71EB11DEEB2BF00AC27A4 /* Assets.xcassets */,
				6BF71EB31DEEB2BF00AC27A4 /* LaunchScreen.storyboard */,
				6BF71EB61DEEB2BF00AC27A4 /* Info.plist */,
				6BF71EAE1DEEB2BF00AC27A4 /* MimicOfGameCrazyApp.xcdatamodeld */,
			);
			path = MimicOfGameCrazyApp;
			sourceTree = "<group>";
		};
		6BF71EDE1DEEE2A500AC27A4 /* TableViewCell */ = {
			isa = PBXGroup;
			children = (
				6BF71ED61DEECB2300AC27A4 /* GameCrazyTableViewCell.swift */,
				6BF71ED81DEEDCA700AC27A4 /* LiveTableViewCell.swift */,
				6BF71EDA1DEEDF2200AC27A4 /* GameProducerTableViewCell.swift */,
				6BF71EDC1DEEE08D00AC27A4 /* VRGameTableViewCell.swift */,
			);
			name = TableViewCell;
			sourceTree = "<group>";
		};
		6BF71EE71DEEE5F300AC27A4 /* WebView */ = {
			isa = PBXGroup;
			children = (
				6BF71EDF1DEEE5B000AC27A4 /* CrazyViewController.swift */,
				6BF71EE11DEEE5D400AC27A4 /* LiveViewController.swift */,
				6BF71EE31DEEE5E100AC27A4 /* ProducerViewController.swift */,
				6BF71EE51DEEE5EB00AC27A4 /* VRViewController.swift */,
			);
			name = WebView;
			sourceTree = "<group>";
		};
/* End PBXGroup section */

/* Begin PBXNativeTarget section */
		6BF71EA31DEEB2BF00AC27A4 /* MimicOfGameCrazyApp */ = {
			isa = PBXNativeTarget;
			buildConfigurationList = 6BF71EB91DEEB2BF00AC27A4 /* Build configuration list for PBXNativeTarget "MimicOfGameCrazyApp" */;
			buildPhases = (
				8AC0E6DD085C09E82D738C3D /* [CP] Check Pods Manifest.lock */,
				6BF71EA01DEEB2BF00AC27A4 /* Sources */,
				6BF71EA11DEEB2BF00AC27A4 /* Frameworks */,
				6BF71EA21DEEB2BF00AC27A4 /* Resources */,
				E92AC5A38E1FAA3792B9F472 /* [CP] Embed Pods Frameworks */,
				0B1F11FBF257957E4E6D21F1 /* [CP] Copy Pods Resources */,
			);
			buildRules = (
			);
			dependencies = (
			);
			name = MimicOfGameCrazyApp;
			productName = MimicOfGameCrazyApp;
			productReference = 6BF71EA41DEEB2BF00AC27A4 /* MimicOfGameCrazyApp.app */;
			productType = "com.apple.product-type.application";
		};
/* End PBXNativeTarget section */

/* Begin PBXProject section */
		6BF71E9C1DEEB2BF00AC27A4 /* Project object */ = {
			isa = PBXProject;
			attributes = {
				LastSwiftUpdateCheck = 0730;
				LastUpgradeCheck = 0730;
				ORGANIZATIONNAME = MichaelRevlis;
				TargetAttributes = {
					6BF71EA31DEEB2BF00AC27A4 = {
						CreatedOnToolsVersion = 7.3.1;
					};
				};
			};
			buildConfigurationList = 6BF71E9F1DEEB2BF00AC27A4 /* Build configuration list for PBXProject "MimicOfGameCrazyApp" */;
			compatibilityVersion = "Xcode 3.2";
			developmentRegion = English;
			hasScannedForEncodings = 0;
			knownRegions = (
				en,
				Base,
			);
			mainGroup = 6BF71E9B1DEEB2BF00AC27A4;
			productRefGroup = 6BF71EA51DEEB2BF00AC27A4 /* Products */;
			projectDirPath = "";
			projectRoot = "";
			targets = (
				6BF71EA31DEEB2BF00AC27A4 /* MimicOfGameCrazyApp */,
			);
		};
/* End PBXProject section */

/* Begin PBXResourcesBuildPhase section */
		6BF71EA21DEEB2BF00AC27A4 /* Resources */ = {
			isa = PBXResourcesBuildPhase;
			buildActionMask = 2147483647;
			files = (
				6BF71EB51DEEB2BF00AC27A4 /* LaunchScreen.storyboard in Resources */,
				6BF71EB21DEEB2BF00AC27A4 /* Assets.xcassets in Resources */,
				6BF71EAD1DEEB2BF00AC27A4 /* Main.storyboard in Resources */,
			);
			runOnlyForDeploymentPostprocessing = 0;
		};
/* End PBXResourcesBuildPhase section */

/* Begin PBXShellScriptBuildPhase section */
		0B1F11FBF257957E4E6D21F1 /* [CP] Copy Pods Resources */ = {
			isa = PBXShellScriptBuildPhase;
			buildActionMask = 2147483647;
			files = (
			);
			inputPaths = (
			);
			name = "[CP] Copy Pods Resources";
			outputPaths = (
			);
			runOnlyForDeploymentPostprocessing = 0;
			shellPath = /bin/sh;
			shellScript = "\"${SRCROOT}/Pods/Target Support Files/Pods-MimicOfGameCrazyApp/Pods-MimicOfGameCrazyApp-resources.sh\"\n";
			showEnvVarsInLog = 0;
		};
		8AC0E6DD085C09E82D738C3D /* [CP] Check Pods Manifest.lock */ = {
			isa = PBXShellScriptBuildPhase;
			buildActionMask = 2147483647;
			files = (
			);
			inputPaths = (
			);
			name = "[CP] Check Pods Manifest.lock";
			outputPaths = (
			);
			runOnlyForDeploymentPostprocessing = 0;
			shellPath = /bin/sh;
			shellScript = "diff \"${PODS_ROOT}/../Podfile.lock\" \"${PODS_ROOT}/Manifest.lock\" > /dev/null\nif [[ $? != 0 ]] ; then\n    cat << EOM\nerror: The sandbox is not in sync with the Podfile.lock. Run 'pod install' or update your CocoaPods installation.\nEOM\n    exit 1\nfi\n";
			showEnvVarsInLog = 0;
		};
		E92AC5A38E1FAA3792B9F472 /* [CP] Embed Pods Frameworks */ = {
			isa = PBXShellScriptBuildPhase;
			buildActionMask = 2147483647;
			files = (
			);
			inputPaths = (
			);
			name = "[CP] Embed Pods Frameworks";
			outputPaths = (
			);
			runOnlyForDeploymentPostprocessing = 0;
			shellPath = /bin/sh;
			shellScript = "\"${SRCROOT}/Pods/Target Support Files/Pods-MimicOfGameCrazyApp/Pods-MimicOfGameCrazyApp-frameworks.sh\"\n";
			showEnvVarsInLog = 0;
		};
/* End PBXShellScriptBuildPhase section */

/* Begin PBXSourcesBuildPhase section */
		6BF71EA01DEEB2BF00AC27A4 /* Sources */ = {
			isa = PBXSourcesBuildPhase;
			buildActionMask = 2147483647;
			files = (
				6BF71ECF1DEEB66A00AC27A4 /* VRGameTableViewController.swift in Sources */,
				6BF71ED11DEEB67200AC27A4 /* SettingTableViewController.swift in Sources */,
				6BF71EE21DEEE5D400AC27A4 /* LiveViewController.swift in Sources */,
				6BF71ECD1DEEB65A00AC27A4 /* GameProducerTableViewController.swift in Sources */,
				6BF71EBD1DEEB45B00AC27A4 /* TabBarController.swift in Sources */,
				6BF71EB01DEEB2BF00AC27A4 /* MimicOfGameCrazyApp.xcdatamodeld in Sources */,
				6BF71EDD1DEEE08D00AC27A4 /* VRGameTableViewCell.swift in Sources */,
				6BF71EE01DEEE5B000AC27A4 /* CrazyViewController.swift in Sources */,
				6BF71EE61DEEE5EB00AC27A4 /* VRViewController.swift in Sources */,
				6BF71EA81DEEB2BF00AC27A4 /* AppDelegate.swift in Sources */,
				6BF71EDB1DEEDF2200AC27A4 /* GameProducerTableViewCell.swift in Sources */,
				6BF71ED71DEECB2300AC27A4 /* GameCrazyTableViewCell.swift in Sources */,
				6BF71EE41DEEE5E100AC27A4 /* ProducerViewController.swift in Sources */,
				6BF71ED51DEEC6F300AC27A4 /* Objects.swift in Sources */,
				6BF71ED31DEEBA7400AC27A4 /* YoutubeManager.swift in Sources */,
				6BF71ED91DEEDCA700AC27A4 /* LiveTableViewCell.swift in Sources */,
				6BF71ECB1DEEB65100AC27A4 /* LiveTableViewController.swift in Sources */,
				6BF71EC91DEEB64500AC27A4 /* GameCrazyTableViewController.swift in Sources */,
			);
			runOnlyForDeploymentPostprocessing = 0;
		};
/* End PBXSourcesBuildPhase section */

/* Begin PBXVariantGroup section */
		6BF71EAB1DEEB2BF00AC27A4 /* Main.storyboard */ = {
			isa = PBXVariantGroup;
			children = (
				6BF71EAC1DEEB2BF00AC27A4 /* Base */,
			);
			name = Main.storyboard;
			sourceTree = "<group>";
		};
		6BF71EB31DEEB2BF00AC27A4 /* LaunchScreen.storyboard */ = {
			isa = PBXVariantGroup;
			children = (
				6BF71EB41DEEB2BF00AC27A4 /* Base */,
			);
			name = LaunchScreen.storyboard;
			sourceTree = "<group>";
		};
/* End PBXVariantGroup section */

/* Begin XCBuildConfiguration section */
		6BF71EB71DEEB2BF00AC27A4 /* Debug */ = {
			isa = XCBuildConfiguration;
			buildSettings = {
				ALWAYS_SEARCH_USER_PATHS = NO;
				CLANG_ANALYZER_NONNULL = YES;
				CLANG_CXX_LANGUAGE_STANDARD = "gnu++0x";
				CLANG_CXX_LIBRARY = "libc++";
				CLANG_ENABLE_MODULES = YES;
				CLANG_ENABLE_OBJC_ARC = YES;
				CLANG_WARN_BOOL_CONVERSION = YES;
				CLANG_WARN_CONSTANT_CONVERSION = YES;
				CLANG_WARN_DIRECT_OBJC_ISA_USAGE = YES_ERROR;
				CLANG_WARN_EMPTY_BODY = YES;
				CLANG_WARN_ENUM_CONVERSION = YES;
				CLANG_WARN_INT_CONVERSION = YES;
				CLANG_WARN_OBJC_ROOT_CLASS = YES_ERROR;
				CLANG_WARN_UNREACHABLE_CODE = YES;
				CLANG_WARN__DUPLICATE_METHOD_MATCH = YES;
				"CODE_SIGN_IDENTITY[sdk=iphoneos*]" = "iPhone Developer";
				COPY_PHASE_STRIP = NO;
				DEBUG_INFORMATION_FORMAT = dwarf;
				ENABLE_STRICT_OBJC_MSGSEND = YES;
				ENABLE_TESTABILITY = YES;
				GCC_C_LANGUAGE_STANDARD = gnu99;
				GCC_DYNAMIC_NO_PIC = NO;
				GCC_NO_COMMON_BLOCKS = YES;
				GCC_OPTIMIZATION_LEVEL = 0;
				GCC_PREPROCESSOR_DEFINITIONS = (
					"DEBUG=1",
					"$(inherited)",
				);
				GCC_WARN_64_TO_32_BIT_CONVERSION = YES;
				GCC_WARN_ABOUT_RETURN_TYPE = YES_ERROR;
				GCC_WARN_UNDECLARED_SELECTOR = YES;
				GCC_WARN_UNINITIALIZED_AUTOS = YES_AGGRESSIVE;
				GCC_WARN_UNUSED_FUNCTION = YES;
				GCC_WARN_UNUSED_VARIABLE = YES;
				IPHONEOS_DEPLOYMENT_TARGET = 9.3;
				MTL_ENABLE_DEBUG_INFO = YES;
				ONLY_ACTIVE_ARCH = YES;
				SDKROOT = iphoneos;
				SWIFT_OPTIMIZATION_LEVEL = "-Onone";
			};
			name = Debug;
		};
		6BF71EB81DEEB2BF00AC27A4 /* Release */ = {
			isa = XCBuildConfiguration;
			buildSettings = {
				ALWAYS_SEARCH_USER_PATHS = NO;
				CLANG_ANALYZER_NONNULL = YES;
				CLANG_CXX_LANGUAGE_STANDARD = "gnu++0x";
				CLANG_CXX_LIBRARY = "libc++";
				CLANG_ENABLE_MODULES = YES;
				CLANG_ENABLE_OBJC_ARC = YES;
				CLANG_WARN_BOOL_CONVERSION = YES;
				CLANG_WARN_CONSTANT_CONVERSION = YES;
				CLANG_WARN_DIRECT_OBJC_ISA_USAGE = YES_ERROR;
				CLANG_WARN_EMPTY_BODY = YES;
				CLANG_WARN_ENUM_CONVERSION = YES;
				CLANG_WARN_INT_CONVERSION = YES;
				CLANG_WARN_OBJC_ROOT_CLASS = YES_ERROR;
				CLANG_WARN_UNREACHABLE_CODE = YES;
				CLANG_WARN__DUPLICATE_METHOD_MATCH = YES;
				"CODE_SIGN_IDENTITY[sdk=iphoneos*]" = "iPhone Developer";
				COPY_PHASE_STRIP = NO;
				DEBUG_INFORMATION_FORMAT = "dwarf-with-dsym";
				ENABLE_NS_ASSERTIONS = NO;
				ENABLE_STRICT_OBJC_MSGSEND = YES;
				GCC_C_LANGUAGE_STANDARD = gnu99;
				GCC_NO_COMMON_BLOCKS = YES;
				GCC_WARN_64_TO_32_BIT_CONVERSION = YES;
				GCC_WARN_ABOUT_RETURN_TYPE = YES_ERROR;
				GCC_WARN_UNDECLARED_SELECTOR = YES;
				GCC_WARN_UNINITIALIZED_AUTOS = YES_AGGRESSIVE;
				GCC_WARN_UNUSED_FUNCTION = YES;
				GCC_WARN_UNUSED_VARIABLE = YES;
				IPHONEOS_DEPLOYMENT_TARGET = 9.3;
				MTL_ENABLE_DEBUG_INFO = NO;
				SDKROOT = iphoneos;
				VALIDATE_PRODUCT = YES;
			};
			name = Release;
		};
		6BF71EBA1DEEB2BF00AC27A4 /* Debug */ = {
			isa = XCBuildConfiguration;
			baseConfigurationReference = FF8BAB4684F874AF9547846E /* Pods-MimicOfGameCrazyApp.debug.xcconfig */;
			buildSettings = {
				ASSETCATALOG_COMPILER_APPICON_NAME = AppIcon;
				INFOPLIST_FILE = MimicOfGameCrazyApp/Info.plist;
				LD_RUNPATH_SEARCH_PATHS = "$(inherited) @executable_path/Frameworks";
				PRODUCT_BUNDLE_IDENTIFIER = com.mir.MimicOfGameCrazyApp;
				PRODUCT_NAME = "$(TARGET_NAME)";
			};
			name = Debug;
		};
		6BF71EBB1DEEB2BF00AC27A4 /* Release */ = {
			isa = XCBuildConfiguration;
			baseConfigurationReference = 2A45A3C1CE79470D3F51F4EE /* Pods-MimicOfGameCrazyApp.release.xcconfig */;
			buildSettings = {
				ASSETCATALOG_COMPILER_APPICON_NAME = AppIcon;
				INFOPLIST_FILE = MimicOfGameCrazyApp/Info.plist;
				LD_RUNPATH_SEARCH_PATHS = "$(inherited) @executable_path/Frameworks";
				PRODUCT_BUNDLE_IDENTIFIER = com.mir.MimicOfGameCrazyApp;
				PRODUCT_NAME = "$(TARGET_NAME)";
			};
			name = Release;
		};
/* End XCBuildConfiguration section */

/* Begin XCConfigurationList section */
		6BF71E9F1DEEB2BF00AC27A4 /* Build configuration list for PBXProject "MimicOfGameCrazyApp" */ = {
			isa = XCConfigurationList;
			buildConfigurations = (
				6BF71EB71DEEB2BF00AC27A4 /* Debug */,
				6BF71EB81DEEB2BF00AC27A4 /* Release */,
			);
			defaultConfigurationIsVisible = 0;
			defaultConfigurationName = Release;
		};
		6BF71EB91DEEB2BF00AC27A4 /* Build configuration list for PBXNativeTarget "MimicOfGameCrazyApp" */ = {
			isa = XCConfigurationList;
			buildConfigurations = (
				6BF71EBA1DEEB2BF00AC27A4 /* Debug */,
				6BF71EBB1DEEB2BF00AC27A4 /* Release */,
			);
			defaultConfigurationIsVisible = 0;
			defaultConfigurationName = Release;
		};
/* End XCConfigurationList section */

/* Begin XCVersionGroup section */
		6BF71EAE1DEEB2BF00AC27A4 /* MimicOfGameCrazyApp.xcdatamodeld */ = {
			isa = XCVersionGroup;
			children = (
				6BF71EAF1DEEB2BF00AC27A4 /* MimicOfGameCrazyApp.xcdatamodel */,
			);
			currentVersion = 6BF71EAF1DEEB2BF00AC27A4 /* MimicOfGameCrazyApp.xcdatamodel */;
			path = MimicOfGameCrazyApp.xcdatamodeld;
			sourceTree = "<group>";
			versionGroupType = wrapper.xcdatamodel;
		};
/* End XCVersionGroup section */
	};
	rootObject = 6BF71E9C1DEEB2BF00AC27A4 /* Project object */;
}
